
Microsoft Visual Studio Solution File, Format Version 12.00
# Visual Studio 14
VisualStudioVersion = 14.0.25420.1
MinimumVisualStudioVersion = 10.0.40219.1
Project("{FAE04EC0-301F-11D3-BF4B-00C04F79EFBC}") = "Greeting.API", "Greeting.API\Greeting.API.csproj", "{26B6CC01-25BA-4939-9A77-641762DD4063}"
EndProject
Project("{FAE04EC0-301F-11D3-BF4B-00C04F79EFBC}") = "Greeting.Services", "Greeting.Services\Greeting.Services.csproj", "{921D3791-9B2A-4B31-8BF6-F7C1B546B11C}"
EndProject
Project("{FAE04EC0-301F-11D3-BF4B-00C04F79EFBC}") = "Greeting.Models", "Greeting.Models\Greeting.Models.csproj", "{0FAA5635-0473-4442-A095-978D8430B1EF}"
EndProject
Project("{FAE04EC0-301F-11D3-BF4B-00C04F79EFBC}") = "Greeting.Tests", "Greeting.Tests\Greeting.Tests.csproj", "{A59FE60E-6E83-4CCB-8EA0-7C44F51C2659}"
EndProject
Project("{FAE04EC0-301F-11D3-BF4B-00C04F79EFBC}") = "Greeting.Data", "Greeting.Data\Greeting.Data.csproj", "{A50FD2AD-27DF-4BEA-86F0-93229167265C}"
EndProject
Global
	GlobalSection(SolutionConfigurationPlatforms) = preSolution
		Debug|Any CPU = Debug|Any CPU
		Release|Any CPU = Release|Any CPU
	EndGlobalSection
	GlobalSection(ProjectConfigurationPlatforms) = postSolution
		{26B6CC01-25BA-4939-9A77-641762DD4063}.Debug|Any CPU.ActiveCfg = Debug|Any CPU
		{26B6CC01-25BA-4939-9A77-641762DD4063}.Debug|Any CPU.Build.0 = Debug|Any CPU
		{26B6CC01-25BA-4939-9A77-641762DD4063}.Release|Any CPU.ActiveCfg = Release|Any CPU
		{26B6CC01-25BA-4939-9A77-641762DD4063}.Release|Any CPU.Build.0 = Release|Any CPU
		{921D3791-9B2A-4B31-8BF6-F7C1B546B11C}.Debug|Any CPU.ActiveCfg = Debug|Any CPU
		{921D3791-9B2A-4B31-8BF6-F7C1B546B11C}.Debug|Any CPU.Build.0 = Debug|Any CPU
		{921D3791-9B2A-4B31-8BF6-F7C1B546B11C}.Release|Any CPU.ActiveCfg = Release|Any CPU
		{921D3791-9B2A-4B31-8BF6-F7C1B546B11C}.Release|Any CPU.Build.0 = Release|Any CPU
		{0FAA5635-0473-4442-A095-978D8430B1EF}.Debug|Any CPU.ActiveCfg = Debug|Any CPU
		{0FAA5635-0473-4442-A095-978D8430B1EF}.Debug|Any CPU.Build.0 = Debug|Any CPU
		{0FAA5635-0473-4442-A095-978D8430B1EF}.Release|Any CPU.ActiveCfg = Release|Any CPU
		{0FAA5635-0473-4442-A095-978D8430B1EF}.Release|Any CPU.Build.0 = Release|Any CPU
		{A59FE60E-6E83-4CCB-8EA0-7C44F51C2659}.Debug|Any CPU.ActiveCfg = Debug|Any CPU
		{A59FE60E-6E83-4CCB-8EA0-7C44F51C2659}.Debug|Any CPU.Build.0 = Debug|Any CPU
		{A59FE60E-6E83-4CCB-8EA0-7C44F51C2659}.Release|Any CPU.ActiveCfg = Release|Any CPU
		{A59FE60E-6E83-4CCB-8EA0-7C44F51C2659}.Release|Any CPU.Build.0 = Release|Any CPU
		{A50FD2AD-27DF-4BEA-86F0-93229167265C}.Debug|Any CPU.ActiveCfg = Debug|Any CPU
		{A50FD2AD-27DF-4BEA-86F0-93229167265C}.Debug|Any CPU.Build.0 = Debug|Any CPU
		{A50FD2AD-27DF-4BEA-86F0-93229167265C}.Release|Any CPU.ActiveCfg = Release|Any CPU
		{A50FD2AD-27DF-4BEA-86F0-93229167265C}.Release|Any CPU.Build.0 = Release|Any CPU
	EndGlobalSection
	GlobalSection(SolutionProperties) = preSolution
		HideSolutionNode = FALSE
	EndGlobalSection
EndGlobal
